// !$*UTF8*$!
{
	archiveVersion = 1;
	classes = {
	};
	objectVersion = 48;
	objects = {

/* Begin PBXBuildFile section */
		F72815E4204F3CCB0043E5FA /* AppDelegate.swift in Sources */ = {isa = PBXBuildFile; fileRef = F72815E3204F3CCB0043E5FA /* AppDelegate.swift */; };
		F72815E6204F3CCB0043E5FA /* WelcomeVC.swift in Sources */ = {isa = PBXBuildFile; fileRef = F72815E5204F3CCB0043E5FA /* WelcomeVC.swift */; };
		F72815E9204F3CCB0043E5FA /* Main.storyboard in Resources */ = {isa = PBXBuildFile; fileRef = F72815E7204F3CCB0043E5FA /* Main.storyboard */; };
		F72815EB204F3CCB0043E5FA /* Assets.xcassets in Resources */ = {isa = PBXBuildFile; fileRef = F72815EA204F3CCB0043E5FA /* Assets.xcassets */; };
		F72815EE204F3CCB0043E5FA /* LaunchScreen.storyboard in Resources */ = {isa = PBXBuildFile; fileRef = F72815EC204F3CCB0043E5FA /* LaunchScreen.storyboard */; };
		F72815F9204F3CCB0043E5FA /* app_swooshTests.swift in Sources */ = {isa = PBXBuildFile; fileRef = F72815F8204F3CCB0043E5FA /* app_swooshTests.swift */; };
		F7281604204F3CCB0043E5FA /* app_swooshUITests.swift in Sources */ = {isa = PBXBuildFile; fileRef = F7281603204F3CCB0043E5FA /* app_swooshUITests.swift */; };
		F7281614204F446E0043E5FA /* BorderButton.swift in Sources */ = {isa = PBXBuildFile; fileRef = F7281613204F446E0043E5FA /* BorderButton.swift */; };
		F7A8E3CA20533127008505ED /* LeagueVC.swift in Sources */ = {isa = PBXBuildFile; fileRef = F7A8E3C920533127008505ED /* LeagueVC.swift */; };
		F7A8E3CC2053313C008505ED /* SkillVC.swift in Sources */ = {isa = PBXBuildFile; fileRef = F7A8E3CB2053313C008505ED /* SkillVC.swift */; };
/* End PBXBuildFile section */

/* Begin PBXContainerItemProxy section */
		F72815F5204F3CCB0043E5FA /* PBXContainerItemProxy */ = {
			isa = PBXContainerItemProxy;
			containerPortal = F72815D8204F3CCB0043E5FA /* Project object */;
			proxyType = 1;
			remoteGlobalIDString = F72815DF204F3CCB0043E5FA;
			remoteInfo = "app-swoosh";
		};
		F7281600204F3CCB0043E5FA /* PBXContainerItemProxy */ = {
			isa = PBXContainerItemProxy;
			containerPortal = F72815D8204F3CCB0043E5FA /* Project object */;
			proxyType = 1;
			remoteGlobalIDString = F72815DF204F3CCB0043E5FA;
			remoteInfo = "app-swoosh";
		};
/* End PBXContainerItemProxy section */

/* Begin PBXFileReference section */
		F72815E0204F3CCB0043E5FA /* app-swoosh.app */ = {isa = PBXFileReference; explicitFileType = wrapper.application; includeInIndex = 0; path = "app-swoosh.app"; sourceTree = BUILT_PRODUCTS_DIR; };
		F72815E3204F3CCB0043E5FA /* AppDelegate.swift */ = {isa = PBXFileReference; lastKnownFileType = sourcecode.swift; path = AppDelegate.swift; sourceTree = "<group>"; };
		F72815E5204F3CCB0043E5FA /* WelcomeVC.swift */ = {isa = PBXFileReference; lastKnownFileType = sourcecode.swift; path = WelcomeVC.swift; sourceTree = "<group>"; };
		F72815E8204F3CCB0043E5FA /* Base */ = {isa = PBXFileReference; lastKnownFileType = file.storyboard; name = Base; path = Base.lproj/Main.storyboard; sourceTree = "<group>"; };
		F72815EA204F3CCB0043E5FA /* Assets.xcassets */ = {isa = PBXFileReference; lastKnownFileType = folder.assetcatalog; path = Assets.xcassets; sourceTree = "<group>"; };
		F72815ED204F3CCB0043E5FA /* Base */ = {isa = PBXFileReference; lastKnownFileType = file.storyboard; name = Base; path = Base.lproj/LaunchScreen.storyboard; sourceTree = "<group>"; };
		F72815EF204F3CCB0043E5FA /* Info.plist */ = {isa = PBXFileReference; lastKnownFileType = text.plist.xml; path = Info.plist; sourceTree = "<group>"; };
		F72815F4204F3CCB0043E5FA /* app-swooshTests.xctest */ = {isa = PBXFileReference; explicitFileType = wrapper.cfbundle; includeInIndex = 0; path = "app-swooshTests.xctest"; sourceTree = BUILT_PRODUCTS_DIR; };
		F72815F8204F3CCB0043E5FA /* app_swooshTests.swift */ = {isa = PBXFileReference; lastKnownFileType = sourcecode.swift; path = app_swooshTests.swift; sourceTree = "<group>"; };
		F72815FA204F3CCB0043E5FA /* Info.plist */ = {isa = PBXFileReference; lastKnownFileType = text.plist.xml; path = Info.plist; sourceTree = "<group>"; };
		F72815FF204F3CCB0043E5FA /* app-swooshUITests.xctest */ = {isa = PBXFileReference; explicitFileType = wrapper.cfbundle; includeInIndex = 0; path = "app-swooshUITests.xctest"; sourceTree = BUILT_PRODUCTS_DIR; };
		F7281603204F3CCB0043E5FA /* app_swooshUITests.swift */ = {isa = PBXFileReference; lastKnownFileType = sourcecode.swift; path = app_swooshUITests.swift; sourceTree = "<group>"; };
		F7281605204F3CCB0043E5FA /* Info.plist */ = {isa = PBXFileReference; lastKnownFileType = text.plist.xml; path = Info.plist; sourceTree = "<group>"; };
		F7281613204F446E0043E5FA /* BorderButton.swift */ = {isa = PBXFileReference; lastKnownFileType = sourcecode.swift; path = BorderButton.swift; sourceTree = "<group>"; };
		F7A8E3C920533127008505ED /* LeagueVC.swift */ = {isa = PBXFileReference; lastKnownFileType = sourcecode.swift; path = LeagueVC.swift; sourceTree = "<group>"; };
		F7A8E3CB2053313C008505ED /* SkillVC.swift */ = {isa = PBXFileReference; lastKnownFileType = sourcecode.swift; path = SkillVC.swift; sourceTree = "<group>"; };
/* End PBXFileReference section */

/* Begin PBXFrameworksBuildPhase section */
		F72815DD204F3CCB0043E5FA /* Frameworks */ = {
			isa = PBXFrameworksBuildPhase;
			buildActionMask = 2147483647;
			files = (
			);
			runOnlyForDeploymentPostprocessing = 0;
		};
		F72815F1204F3CCB0043E5FA /* Frameworks */ = {
			isa = PBXFrameworksBuildPhase;
			buildActionMask = 2147483647;
			files = (
			);
			runOnlyForDeploymentPostprocessing = 0;
		};
		F72815FC204F3CCB0043E5FA /* Frameworks */ = {
			isa = PBXFrameworksBuildPhase;
			buildActionMask = 2147483647;
			files = (
			);
			runOnlyForDeploymentPostprocessing = 0;
		};
/* End PBXFrameworksBuildPhase section */

/* Begin PBXGroup section */
		F72815D7204F3CCB0043E5FA = {
			isa = PBXGroup;
			children = (
				F72815E2204F3CCB0043E5FA /* app-swoosh */,
				F72815F7204F3CCB0043E5FA /* app-swooshTests */,
				F7281602204F3CCB0043E5FA /* app-swooshUITests */,
				F72815E1204F3CCB0043E5FA /* Products */,
			);
			sourceTree = "<group>";
		};
		F72815E1204F3CCB0043E5FA /* Products */ = {
			isa = PBXGroup;
			children = (
				F72815E0204F3CCB0043E5FA /* app-swoosh.app */,
				F72815F4204F3CCB0043E5FA /* app-swooshTests.xctest */,
				F72815FF204F3CCB0043E5FA /* app-swooshUITests.xctest */,
			);
			name = Products;
			sourceTree = "<group>";
		};
		F72815E2204F3CCB0043E5FA /* app-swoosh */ = {
			isa = PBXGroup;
			children = (
				F7A8E3C820532FEA008505ED /* Model */,
				F7A8E3C720532FDA008505ED /* Controller */,
				F7281612204F43620043E5FA /* View */,
				F72815E3204F3CCB0043E5FA /* AppDelegate.swift */,
				F72815E7204F3CCB0043E5FA /* Main.storyboard */,
				F72815EA204F3CCB0043E5FA /* Assets.xcassets */,
				F72815EC204F3CCB0043E5FA /* LaunchScreen.storyboard */,
				F72815EF204F3CCB0043E5FA /* Info.plist */,
			);
			path = "app-swoosh";
			sourceTree = "<group>";
		};
		F72815F7204F3CCB0043E5FA /* app-swooshTests */ = {
			isa = PBXGroup;
			children = (
				F72815F8204F3CCB0043E5FA /* app_swooshTests.swift */,
				F72815FA204F3CCB0043E5FA /* Info.plist */,
			);
			path = "app-swooshTests";
			sourceTree = "<group>";
		};
		F7281602204F3CCB0043E5FA /* app-swooshUITests */ = {
			isa = PBXGroup;
			children = (
				F7281603204F3CCB0043E5FA /* app_swooshUITests.swift */,
				F7281605204F3CCB0043E5FA /* Info.plist */,
			);
			path = "app-swooshUITests";
			sourceTree = "<group>";
		};
		F7281612204F43620043E5FA /* View */ = {
			isa = PBXGroup;
			children = (
				F7281613204F446E0043E5FA /* BorderButton.swift */,
			);
			path = View;
			sourceTree = "<group>";
		};
		F7A8E3C720532FDA008505ED /* Controller */ = {
			isa = PBXGroup;
			children = (
				F72815E5204F3CCB0043E5FA /* WelcomeVC.swift */,
				F7A8E3C920533127008505ED /* LeagueVC.swift */,
				F7A8E3CB2053313C008505ED /* SkillVC.swift */,
			);
			path = Controller;
			sourceTree = "<group>";
		};
		F7A8E3C820532FEA008505ED /* Model */ = {
			isa = PBXGroup;
			children = (
			);
			path = Model;
			sourceTree = "<group>";
		};
/* End PBXGroup section */

/* Begin PBXNativeTarget section */
		F72815DF204F3CCB0043E5FA /* app-swoosh */ = {
			isa = PBXNativeTarget;
			buildConfigurationList = F7281608204F3CCB0043E5FA /* Build configuration list for PBXNativeTarget "app-swoosh" */;
			buildPhases = (
				F72815DC204F3CCB0043E5FA /* Sources */,
				F72815DD204F3CCB0043E5FA /* Frameworks */,
				F72815DE204F3CCB0043E5FA /* Resources */,
			);
			buildRules = (
			);
			dependencies = (
			);
			name = "app-swoosh";
			productName = "app-swoosh";
			productReference = F72815E0204F3CCB0043E5FA /* app-swoosh.app */;
			productType = "com.apple.product-type.application";
		};
		F72815F3204F3CCB0043E5FA /* app-swooshTests */ = {
			isa = PBXNativeTarget;
			buildConfigurationList = F728160B204F3CCB0043E5FA /* Build configuration list for PBXNativeTarget "app-swooshTests" */;
			buildPhases = (
				F72815F0204F3CCB0043E5FA /* Sources */,
				F72815F1204F3CCB0043E5FA /* Frameworks */,
				F72815F2204F3CCB0043E5FA /* Resources */,
			);
			buildRules = (
			);
			dependencies = (
				F72815F6204F3CCB0043E5FA /* PBXTargetDependency */,
			);
			name = "app-swooshTests";
			productName = "app-swooshTests";
			productReference = F72815F4204F3CCB0043E5FA /* app-swooshTests.xctest */;
			productType = "com.apple.product-type.bundle.unit-test";
		};
		F72815FE204F3CCB0043E5FA /* app-swooshUITests */ = {
			isa = PBXNativeTarget;
			buildConfigurationList = F728160E204F3CCB0043E5FA /* Build configuration list for PBXNativeTarget "app-swooshUITests" */;
			buildPhases = (
				F72815FB204F3CCB0043E5FA /* Sources */,
				F72815FC204F3CCB0043E5FA /* Frameworks */,
				F72815FD204F3CCB0043E5FA /* Resources */,
			);
			buildRules = (
			);
			dependencies = (
				F7281601204F3CCB0043E5FA /* PBXTargetDependency */,
			);
			name = "app-swooshUITests";
			productName = "app-swooshUITests";
			productReference = F72815FF204F3CCB0043E5FA /* app-swooshUITests.xctest */;
			productType = "com.apple.product-type.bundle.ui-testing";
		};
/* End PBXNativeTarget section */

/* Begin PBXProject section */
		F72815D8204F3CCB0043E5FA /* Project object */ = {
			isa = PBXProject;
			attributes = {
				LastSwiftUpdateCheck = 0920;
				LastUpgradeCheck = 0920;
				ORGANIZATIONNAME = "Landon Carr";
				TargetAttributes = {
					F72815DF204F3CCB0043E5FA = {
						CreatedOnToolsVersion = 9.2;
						ProvisioningStyle = Automatic;
					};
					F72815F3204F3CCB0043E5FA = {
						CreatedOnToolsVersion = 9.2;
						ProvisioningStyle = Automatic;
						TestTargetID = F72815DF204F3CCB0043E5FA;
					};
					F72815FE204F3CCB0043E5FA = {
						CreatedOnToolsVersion = 9.2;
						ProvisioningStyle = Automatic;
						TestTargetID = F72815DF204F3CCB0043E5FA;
					};
				};
			};
			buildConfigurationList = F72815DB204F3CCB0043E5FA /* Build configuration list for PBXProject "app-swoosh" */;
			compatibilityVersion = "Xcode 8.0";
			developmentRegion = en;
			hasScannedForEncodings = 0;
			knownRegions = (
				en,
				Base,
			);
			mainGroup = F72815D7204F3CCB0043E5FA;
			productRefGroup = F72815E1204F3CCB0043E5FA /* Products */;
			projectDirPath = "";
			projectRoot = "";
			targets = (
				F72815DF204F3CCB0043E5FA /* app-swoosh */,
				F72815F3204F3CCB0043E5FA /* app-swooshTests */,
				F72815FE204F3CCB0043E5FA /* app-swooshUITests */,
			);
		};
/* End PBXProject section */

/* Begin PBXResourcesBuildPhase section */
		F72815DE204F3CCB0043E5FA /* Resources */ = {
			isa = PBXResourcesBuildPhase;
			buildActionMask = 2147483647;
			files = (
				F72815EE204F3CCB0043E5FA /* LaunchScreen.storyboard in Resources */,
				F72815EB204F3CCB0043E5FA /* Assets.xcassets in Resources */,
				F72815E9204F3CCB0043E5FA /* Main.storyboard in Resources */,
			);
			runOnlyForDeploymentPostprocessing = 0;
		};
		F72815F2204F3CCB0043E5FA /* Resources */ = {
			isa = PBXResourcesBuildPhase;
			buildActionMask = 2147483647;
			files = (
			);
			runOnlyForDeploymentPostprocessing = 0;
		};
		F72815FD204F3CCB0043E5FA /* Resources */ = {
			isa = PBXResourcesBuildPhase;
			buildActionMask = 2147483647;
			files = (
			);
			runOnlyForDeploymentPostprocessing = 0;
		};
/* End PBXResourcesBuildPhase section */

/* Begin PBXSourcesBuildPhase section */
		F72815DC204F3CCB0043E5FA /* Sources */ = {
			isa = PBXSourcesBuildPhase;
			buildActionMask = 2147483647;
			files = (
				F72815E6204F3CCB0043E5FA /* WelcomeVC.swift in Sources */,
				F7A8E3CA20533127008505ED /* LeagueVC.swift in Sources */,
				F72815E4204F3CCB0043E5FA /* AppDelegate.swift in Sources */,
				F7A8E3CC2053313C008505ED /* SkillVC.swift in Sources */,
				F7281614204F446E0043E5FA /* BorderButton.swift in Sources */,
			);
			runOnlyForDeploymentPostprocessing = 0;
		};
		F72815F0204F3CCB0043E5FA /* Sources */ = {
			isa = PBXSourcesBuildPhase;
			buildActionMask = 2147483647;
			files = (
				F72815F9204F3CCB0043E5FA /* app_swooshTests.swift in Sources */,
			);
			runOnlyForDeploymentPostprocessing = 0;
		};
		F72815FB204F3CCB0043E5FA /* Sources */ = {
			isa = PBXSourcesBuildPhase;
			buildActionMask = 2147483647;
			files = (
				F7281604204F3CCB0043E5FA /* app_swooshUITests.swift in Sources */,
			);
			runOnlyForDeploymentPostprocessing = 0;
		};
/* End PBXSourcesBuildPhase section */

/* Begin PBXTargetDependency section */
		F72815F6204F3CCB0043E5FA /* PBXTargetDependency */ = {
			isa = PBXTargetDependency;
			target = F72815DF204F3CCB0043E5FA /* app-swoosh */;
			targetProxy = F72815F5204F3CCB0043E5FA /* PBXContainerItemProxy */;
		};
		F7281601204F3CCB0043E5FA /* PBXTargetDependency */ = {
			isa = PBXTargetDependency;
			target = F72815DF204F3CCB0043E5FA /* app-swoosh */;
			targetProxy = F7281600204F3CCB0043E5FA /* PBXContainerItemProxy */;
		};
/* End PBXTargetDependency section */

/* Begin PBXVariantGroup section */
		F72815E7204F3CCB0043E5FA /* Main.storyboard */ = {
			isa = PBXVariantGroup;
			children = (
				F72815E8204F3CCB0043E5FA /* Base */,
			);
			name = Main.storyboard;
			sourceTree = "<group>";
		};
		F72815EC204F3CCB0043E5FA /* LaunchScreen.storyboard */ = {
			isa = PBXVariantGroup;
			children = (
				F72815ED204F3CCB0043E5FA /* Base */,
			);
			name = LaunchScreen.storyboard;
			sourceTree = "<group>";
		};
/* End PBXVariantGroup section */

/* Begin XCBuildConfiguration section */
		F7281606204F3CCB0043E5FA /* Debug */ = {
			isa = XCBuildConfiguration;
			buildSettings = {
				ALWAYS_SEARCH_USER_PATHS = NO;
				CLANG_ANALYZER_NONNULL = YES;
				CLANG_ANALYZER_NUMBER_OBJECT_CONVERSION = YES_AGGRESSIVE;
				CLANG_CXX_LANGUAGE_STANDARD = "gnu++14";
				CLANG_CXX_LIBRARY = "libc++";
				CLANG_ENABLE_MODULES = YES;
				CLANG_ENABLE_OBJC_ARC = YES;
				CLANG_WARN_BLOCK_CAPTURE_AUTORELEASING = YES;
				CLANG_WARN_BOOL_CONVERSION = YES;
				CLANG_WARN_COMMA = YES;
				CLANG_WARN_CONSTANT_CONVERSION = YES;
				CLANG_WARN_DIRECT_OBJC_ISA_USAGE = YES_ERROR;
				CLANG_WARN_DOCUMENTATION_COMMENTS = YES;
				CLANG_WARN_EMPTY_BODY = YES;
				CLANG_WARN_ENUM_CONVERSION = YES;
				CLANG_WARN_INFINITE_RECURSION = YES;
				CLANG_WARN_INT_CONVERSION = YES;
				CLANG_WARN_NON_LITERAL_NULL_CONVERSION = YES;
				CLANG_WARN_OBJC_LITERAL_CONVERSION = YES;
				CLANG_WARN_OBJC_ROOT_CLASS = YES_ERROR;
				CLANG_WARN_RANGE_LOOP_ANALYSIS = YES;
				CLANG_WARN_STRICT_PROTOTYPES = YES;
				CLANG_WARN_SUSPICIOUS_MOVE = YES;
				CLANG_WARN_UNGUARDED_AVAILABILITY = YES_AGGRESSIVE;
				CLANG_WARN_UNREACHABLE_CODE = YES;
				CLANG_WARN__DUPLICATE_METHOD_MATCH = YES;
				CODE_SIGN_IDENTITY = "iPhone Developer";
				COPY_PHASE_STRIP = NO;
				DEBUG_INFORMATION_FORMAT = dwarf;
				ENABLE_STRICT_OBJC_MSGSEND = YES;
				ENABLE_TESTABILITY = YES;
				GCC_C_LANGUAGE_STANDARD = gnu11;
				GCC_DYNAMIC_NO_PIC = NO;
				GCC_NO_COMMON_BLOCKS = YES;
				GCC_OPTIMIZATION_LEVEL = 0;
				GCC_PREPROCESSOR_DEFINITIONS = (
					"DEBUG=1",
					"$(inherited)",
				);
				GCC_WARN_64_TO_32_BIT_CONVERSION = YES;
				GCC_WARN_ABOUT_RETURN_TYPE = YES_ERROR;
				GCC_WARN_UNDECLARED_SELECTOR = YES;
				GCC_WARN_UNINITIALIZED_AUTOS = YES_AGGRESSIVE;
				GCC_WARN_UNUSED_FUNCTION = YES;
				GCC_WARN_UNUSED_VARIABLE = YES;
				IPHONEOS_DEPLOYMENT_TARGET = 11.2;
				MTL_ENABLE_DEBUG_INFO = YES;
				ONLY_ACTIVE_ARCH = YES;
				SDKROOT = iphoneos;
				SWIFT_ACTIVE_COMPILATION_CONDITIONS = DEBUG;
				SWIFT_OPTIMIZATION_LEVEL = "-Onone";
			};
			name = Debug;
		};
		F7281607204F3CCB0043E5FA /* Release */ = {
			isa = XCBuildConfiguration;
			buildSettings = {
				ALWAYS_SEARCH_USER_PATHS = NO;
				CLANG_ANALYZER_NONNULL = YES;
				CLANG_ANALYZER_NUMBER_OBJECT_CONVERSION = YES_AGGRESSIVE;
				CLANG_CXX_LANGUAGE_STANDARD = "gnu++14";
				CLANG_CXX_LIBRARY = "libc++";
				CLANG_ENABLE_MODULES = YES;
				CLANG_ENABLE_OBJC_ARC = YES;
				CLANG_WARN_BLOCK_CAPTURE_AUTORELEASING = YES;
				CLANG_WARN_BOOL_CONVERSION = YES;
				CLANG_WARN_COMMA = YES;
				CLANG_WARN_CONSTANT_CONVERSION = YES;
				CLANG_WARN_DIRECT_OBJC_ISA_USAGE = YES_ERROR;
				CLANG_WARN_DOCUMENTATION_COMMENTS = YES;
				CLANG_WARN_EMPTY_BODY = YES;
				CLANG_WARN_ENUM_CONVERSION = YES;
				CLANG_WARN_INFINITE_RECURSION = YES;
				CLANG_WARN_INT_CONVERSION = YES;
				CLANG_WARN_NON_LITERAL_NULL_CONVERSION = YES;
				CLANG_WARN_OBJC_LITERAL_CONVERSION = YES;
				CLANG_WARN_OBJC_ROOT_CLASS = YES_ERROR;
				CLANG_WARN_RANGE_LOOP_ANALYSIS = YES;
				CLANG_WARN_STRICT_PROTOTYPES = YES;
				CLANG_WARN_SUSPICIOUS_MOVE = YES;
				CLANG_WARN_UNGUARDED_AVAILABILITY = YES_AGGRESSIVE;
				CLANG_WARN_UNREACHABLE_CODE = YES;
				CLANG_WARN__DUPLICATE_METHOD_MATCH = YES;
				CODE_SIGN_IDENTITY = "iPhone Developer";
				COPY_PHASE_STRIP = NO;
				DEBUG_INFORMATION_FORMAT = "dwarf-with-dsym";
				ENABLE_NS_ASSERTIONS = NO;
				ENABLE_STRICT_OBJC_MSGSEND = YES;
				GCC_C_LANGUAGE_STANDARD = gnu11;
				GCC_NO_COMMON_BLOCKS = YES;
				GCC_WARN_64_TO_32_BIT_CONVERSION = YES;
				GCC_WARN_ABOUT_RETURN_TYPE = YES_ERROR;
				GCC_WARN_UNDECLARED_SELECTOR = YES;
				GCC_WARN_UNINITIALIZED_AUTOS = YES_AGGRESSIVE;
				GCC_WARN_UNUSED_FUNCTION = YES;
				GCC_WARN_UNUSED_VARIABLE = YES;
				IPHONEOS_DEPLOYMENT_TARGET = 11.2;
				MTL_ENABLE_DEBUG_INFO = NO;
				SDKROOT = iphoneos;
				SWIFT_OPTIMIZATION_LEVEL = "-Owholemodule";
				VALIDATE_PRODUCT = YES;
			};
			name = Release;
		};
		F7281609204F3CCB0043E5FA /* Debug */ = {
			isa = XCBuildConfiguration;
			buildSettings = {
				ASSETCATALOG_COMPILER_APPICON_NAME = AppIcon;
				CODE_SIGN_STYLE = Automatic;
				INFOPLIST_FILE = "app-swoosh/Info.plist";
				LD_RUNPATH_SEARCH_PATHS = "$(inherited) @executable_path/Frameworks";
				PRODUCT_BUNDLE_IDENTIFIER = "development.app-swoosh";
				PRODUCT_NAME = "$(TARGET_NAME)";
				SWIFT_VERSION = 4.0;
				TARGETED_DEVICE_FAMILY = "1,2";
			};
			name = Debug;
		};
		F728160A204F3CCB0043E5FA /* Release */ = {
			isa = XCBuildConfiguration;
			buildSettings = {
				ASSETCATALOG_COMPILER_APPICON_NAME = AppIcon;
				CODE_SIGN_STYLE = Automatic;
				INFOPLIST_FILE = "app-swoosh/Info.plist";
				LD_RUNPATH_SEARCH_PATHS = "$(inherited) @executable_path/Frameworks";
				PRODUCT_BUNDLE_IDENTIFIER = "development.app-swoosh";
				PRODUCT_NAME = "$(TARGET_NAME)";
				SWIFT_VERSION = 4.0;
				TARGETED_DEVICE_FAMILY = "1,2";
			};
			name = Release;
		};
		F728160C204F3CCB0043E5FA /* Debug */ = {
			isa = XCBuildConfiguration;
			buildSettings = {
				ALWAYS_EMBED_SWIFT_STANDARD_LIBRARIES = YES;
				BUNDLE_LOADER = "$(TEST_HOST)";
				CODE_SIGN_STYLE = Automatic;
				INFOPLIST_FILE = "app-swooshTests/Info.plist";
				LD_RUNPATH_SEARCH_PATHS = "$(inherited) @executable_path/Frameworks @loader_path/Frameworks";
				PRODUCT_BUNDLE_IDENTIFIER = "development.app-swooshTests";
				PRODUCT_NAME = "$(TARGET_NAME)";
				SWIFT_VERSION = 4.0;
				TARGETED_DEVICE_FAMILY = "1,2";
				TEST_HOST = "$(BUILT_PRODUCTS_DIR)/app-swoosh.app/app-swoosh";
			};
			name = Debug;
		};
		F728160D204F3CCB0043E5FA /* Release */ = {
			isa = XCBuildConfiguration;
			buildSettings = {
				ALWAYS_EMBED_SWIFT_STANDARD_LIBRARIES = YES;
				BUNDLE_LOADER = "$(TEST_HOST)";
				CODE_SIGN_STYLE = Automatic;
				INFOPLIST_FILE = "app-swooshTests/Info.plist";
				LD_RUNPATH_SEARCH_PATHS = "$(inherited) @executable_path/Frameworks @loader_path/Frameworks";
				PRODUCT_BUNDLE_IDENTIFIER = "development.app-swooshTests";
				PRODUCT_NAME = "$(TARGET_NAME)";
				SWIFT_VERSION = 4.0;
				TARGETED_DEVICE_FAMILY = "1,2";
				TEST_HOST = "$(BUILT_PRODUCTS_DIR)/app-swoosh.app/app-swoosh";
			};
			name = Release;
		};
		F728160F204F3CCB0043E5FA /* Debug */ = {
			isa = XCBuildConfiguration;
			buildSettings = {
				ALWAYS_EMBED_SWIFT_STANDARD_LIBRARIES = YES;
				CODE_SIGN_STYLE = Automatic;
				INFOPLIST_FILE = "app-swooshUITests/Info.plist";
				LD_RUNPATH_SEARCH_PATHS = "$(inherited) @executable_path/Frameworks @loader_path/Frameworks";
				PRODUCT_BUNDLE_IDENTIFIER = "development.app-swooshUITests";
				PRODUCT_NAME = "$(TARGET_NAME)";
				SWIFT_VERSION = 4.0;
				TARGETED_DEVICE_FAMILY = "1,2";
				TEST_TARGET_NAME = "app-swoosh";
			};
			name = Debug;
		};
		F7281610204F3CCB0043E5FA /* Release */ = {
			isa = XCBuildConfiguration;
			buildSettings = {
				ALWAYS_EMBED_SWIFT_STANDARD_LIBRARIES = YES;
				CODE_SIGN_STYLE = Automatic;
				INFOPLIST_FILE = "app-swooshUITests/Info.plist";
				LD_RUNPATH_SEARCH_PATHS = "$(inherited) @executable_path/Frameworks @loader_path/Frameworks";
				PRODUCT_BUNDLE_IDENTIFIER = "development.app-swooshUITests";
				PRODUCT_NAME = "$(TARGET_NAME)";
				SWIFT_VERSION = 4.0;
				TARGETED_DEVICE_FAMILY = "1,2";
				TEST_TARGET_NAME = "app-swoosh";
			};
			name = Release;
		};
/* End XCBuildConfiguration section */

/* Begin XCConfigurationList section */
		F72815DB204F3CCB0043E5FA /* Build configuration list for PBXProject "app-swoosh" */ = {
			isa = XCConfigurationList;
			buildConfigurations = (
				F7281606204F3CCB0043E5FA /* Debug */,
				F7281607204F3CCB0043E5FA /* Release */,
			);
			defaultConfigurationIsVisible = 0;
			defaultConfigurationName = Release;
		};
		F7281608204F3CCB0043E5FA /* Build configuration list for PBXNativeTarget "app-swoosh" */ = {
			isa = XCConfigurationList;
			buildConfigurations = (
				F7281609204F3CCB0043E5FA /* Debug */,
				F728160A204F3CCB0043E5FA /* Release */,
			);
			defaultConfigurationIsVisible = 0;
			defaultConfigurationName = Release;
		};
		F728160B204F3CCB0043E5FA /* Build configuration list for PBXNativeTarget "app-swooshTests" */ = {
			isa = XCConfigurationList;
			buildConfigurations = (
				F728160C204F3CCB0043E5FA /* Debug */,
				F728160D204F3CCB0043E5FA /* Release */,
			);
			defaultConfigurationIsVisible = 0;
			defaultConfigurationName = Release;
		};
		F728160E204F3CCB0043E5FA /* Build configuration list for PBXNativeTarget "app-swooshUITests" */ = {
			isa = XCConfigurationList;
			buildConfigurations = (
				F728160F204F3CCB0043E5FA /* Debug */,
				F7281610204F3CCB0043E5FA /* Release */,
			);
			defaultConfigurationIsVisible = 0;
			defaultConfigurationName = Release;
		};
/* End XCConfigurationList section */
	};
	rootObject = F72815D8204F3CCB0043E5FA /* Project object */;
}
